
Microsoft Visual Studio Solution File, Format Version 12.00
# Visual Studio Version 16
VisualStudioVersion = 16.0.30002.166
MinimumVisualStudioVersion = 10.0.40219.1
Project("{8BC9CEB8-8B4A-11D0-8D11-00A0C91BC942}") = "Project4", "Project4\Project4.vcxproj", "{0467D131-5E3D-48B1-B6B3-67AB3042E8D1}"
EndProject
Global
	GlobalSection(SolutionConfigurationPlatforms) = preSolution
		Debug|x64 = Debug|x64
		Debug|x86 = Debug|x86
		Release|x64 = Release|x64
		Release|x86 = Release|x86
	EndGlobalSection
	GlobalSection(ProjectConfigurationPlatforms) = postSolution
		{0467D131-5E3D-48B1-B6B3-67AB3042E8D1}.Debug|x64.ActiveCfg = Debug|x64
		{0467D131-5E3D-48B1-B6B3-67AB3042E8D1}.Debug|x64.Build.0 = Debug|x64
		{0467D131-5E3D-48B1-B6B3-67AB3042E8D1}.Debug|x86.ActiveCfg = Debug|Win32
		{0467D131-5E3D-48B1-B6B3-67AB3042E8D1}.Debug|x86.Build.0 = Debug|Win32
		{0467D131-5E3D-48B1-B6B3-67AB3042E8D1}.Release|x64.ActiveCfg = Release|x64
		{0467D131-5E3D-48B1-B6B3-67AB3042E8D1}.Release|x64.Build.0 = Release|x64
		{0467D131-5E3D-48B1-B6B3-67AB3042E8D1}.Release|x86.ActiveCfg = Release|Win32
		{0467D131-5E3D-48B1-B6B3-67AB3042E8D1}.Release|x86.Build.0 = Release|Win32
	EndGlobalSection
	GlobalSection(SolutionProperties) = preSolution
		HideSolutionNode = FALSE
	EndGlobalSection
	GlobalSection(ExtensibilityGlobals) = postSolution
		SolutionGuid = {E502BB24-A614-41A0-A2EA-2EBA82384E74}
	EndGlobalSection
EndGlobal
